
Microsoft Visual Studio Solution File, Format Version 12.00
# Visual Studio Version 17
VisualStudioVersion = 17.10.35027.167
MinimumVisualStudioVersion = 10.0.40219.1
Project("{FAE04EC0-301F-11D3-BF4B-00C04F79EFBC}") = "ExpenseTracker", "ExpenseTracker.csproj", "{BAD0D75B-0A3B-4EFA-957E-A7A060E0185A}"
EndProject
Global
	GlobalSection(SolutionConfigurationPlatforms) = preSolution
		Debug|Any CPU = Debug|Any CPU
		Release|Any CPU = Release|Any CPU
	EndGlobalSection
	GlobalSection(ProjectConfigurationPlatforms) = postSolution
		{BAD0D75B-0A3B-4EFA-957E-A7A060E0185A}.Debug|Any CPU.ActiveCfg = Debug|Any CPU
		{BAD0D75B-0A3B-4EFA-957E-A7A060E0185A}.Debug|Any CPU.Build.0 = Debug|Any CPU
		{BAD0D75B-0A3B-4EFA-957E-A7A060E0185A}.Release|Any CPU.ActiveCfg = Release|Any CPU
		{BAD0D75B-0A3B-4EFA-957E-A7A060E0185A}.Release|Any CPU.Build.0 = Release|Any CPU
	EndGlobalSection
	GlobalSection(SolutionProperties) = preSolution
		HideSolutionNode = FALSE
	EndGlobalSection
	GlobalSection(ExtensibilityGlobals) = postSolution
		SolutionGuid = {448B17EB-F451-4BC8-8BEF-A29FFF203921}
	EndGlobalSection
EndGlobal
